
Microsoft Visual Studio Solution File, Format Version 12.00
# Visual Studio Version 16
VisualStudioVersion = 16.0.31105.61
MinimumVisualStudioVersion = 10.0.40219.1
Project("{FAE04EC0-301F-11D3-BF4B-00C04F79EFBC}") = "TG_Reporting", "TG_Reporting\TG_Reporting.csproj", "{3132F226-78C9-4DA4-A730-8974581EFA5A}"
EndProject
Project("{FAE04EC0-301F-11D3-BF4B-00C04F79EFBC}") = "TG_Reporting.Tests", "TG_Reporting.Tests\TG_Reporting.Tests.csproj", "{099E4DB5-AECD-4E6C-9D5A-A52115C7BF4A}"
EndProject
Global
	GlobalSection(SolutionConfigurationPlatforms) = preSolution
		Debug|Any CPU = Debug|Any CPU
		Release|Any CPU = Release|Any CPU
	EndGlobalSection
	GlobalSection(ProjectConfigurationPlatforms) = postSolution
		{3132F226-78C9-4DA4-A730-8974581EFA5A}.Debug|Any CPU.ActiveCfg = Debug|Any CPU
		{3132F226-78C9-4DA4-A730-8974581EFA5A}.Debug|Any CPU.Build.0 = Debug|Any CPU
		{3132F226-78C9-4DA4-A730-8974581EFA5A}.Release|Any CPU.ActiveCfg = Release|Any CPU
		{3132F226-78C9-4DA4-A730-8974581EFA5A}.Release|Any CPU.Build.0 = Release|Any CPU
		{099E4DB5-AECD-4E6C-9D5A-A52115C7BF4A}.Debug|Any CPU.ActiveCfg = Debug|Any CPU
		{099E4DB5-AECD-4E6C-9D5A-A52115C7BF4A}.Debug|Any CPU.Build.0 = Debug|Any CPU
		{099E4DB5-AECD-4E6C-9D5A-A52115C7BF4A}.Release|Any CPU.ActiveCfg = Release|Any CPU
		{099E4DB5-AECD-4E6C-9D5A-A52115C7BF4A}.Release|Any CPU.Build.0 = Release|Any CPU
	EndGlobalSection
	GlobalSection(SolutionProperties) = preSolution
		HideSolutionNode = FALSE
	EndGlobalSection
	GlobalSection(ExtensibilityGlobals) = postSolution
		SolutionGuid = {4C26D395-CAA1-4DF5-AFA9-41020DD684B6}
	EndGlobalSection
EndGlobal
